// !$*UTF8*$!
{
	archiveVersion = 1;
	classes = {
	};
	objectVersion = 46;
	objects = {

/* Begin PBXBuildFile section */
		3D17C8761EE2794500A45294 /* Extensions.swift in Sources */ = {isa = PBXBuildFile; fileRef = 3D17C8751EE2794500A45294 /* Extensions.swift */; };
		3D1C11841EE1ED410045644C /* PlaceDetailViewController.swift in Sources */ = {isa = PBXBuildFile; fileRef = 3D1C11831EE1ED410045644C /* PlaceDetailViewController.swift */; };
		3D346D301EE0E3970025C62A /* AppDelegate.swift in Sources */ = {isa = PBXBuildFile; fileRef = 3D346D2F1EE0E3970025C62A /* AppDelegate.swift */; };
		3D346D321EE0E3970025C62A /* PlaceCollectionViewController.swift in Sources */ = {isa = PBXBuildFile; fileRef = 3D346D311EE0E3970025C62A /* PlaceCollectionViewController.swift */; };
		3D346D371EE0E3970025C62A /* Assets.xcassets in Resources */ = {isa = PBXBuildFile; fileRef = 3D346D361EE0E3970025C62A /* Assets.xcassets */; };
		3D346D3A1EE0E3970025C62A /* LaunchScreen.storyboard in Resources */ = {isa = PBXBuildFile; fileRef = 3D346D381EE0E3970025C62A /* LaunchScreen.storyboard */; };
		3D346D421EE0E8260025C62A /* APIManager.swift in Sources */ = {isa = PBXBuildFile; fileRef = 3D346D411EE0E8260025C62A /* APIManager.swift */; };
		3D346D441EE0E83E0025C62A /* PlaceCollectionViewCell.swift in Sources */ = {isa = PBXBuildFile; fileRef = 3D346D431EE0E83E0025C62A /* PlaceCollectionViewCell.swift */; };
		3D346D461EE0E86C0025C62A /* Place.swift in Sources */ = {isa = PBXBuildFile; fileRef = 3D346D451EE0E86C0025C62A /* Place.swift */; };
/* End PBXBuildFile section */

/* Begin PBXFileReference section */
		3D17C8751EE2794500A45294 /* Extensions.swift */ = {isa = PBXFileReference; fileEncoding = 4; lastKnownFileType = sourcecode.swift; path = Extensions.swift; sourceTree = "<group>"; };
		3D1C11831EE1ED410045644C /* PlaceDetailViewController.swift */ = {isa = PBXFileReference; fileEncoding = 4; lastKnownFileType = sourcecode.swift; path = PlaceDetailViewController.swift; sourceTree = "<group>"; };
		3D346D2C1EE0E3970025C62A /* Place.app */ = {isa = PBXFileReference; explicitFileType = wrapper.application; includeInIndex = 0; path = Place.app; sourceTree = BUILT_PRODUCTS_DIR; };
		3D346D2F1EE0E3970025C62A /* AppDelegate.swift */ = {isa = PBXFileReference; lastKnownFileType = sourcecode.swift; path = AppDelegate.swift; sourceTree = "<group>"; };
		3D346D311EE0E3970025C62A /* PlaceCollectionViewController.swift */ = {isa = PBXFileReference; lastKnownFileType = sourcecode.swift; path = PlaceCollectionViewController.swift; sourceTree = "<group>"; };
		3D346D361EE0E3970025C62A /* Assets.xcassets */ = {isa = PBXFileReference; lastKnownFileType = folder.assetcatalog; path = Assets.xcassets; sourceTree = "<group>"; };
		3D346D391EE0E3970025C62A /* Base */ = {isa = PBXFileReference; lastKnownFileType = file.storyboard; name = Base; path = Base.lproj/LaunchScreen.storyboard; sourceTree = "<group>"; };
		3D346D3B1EE0E3970025C62A /* Info.plist */ = {isa = PBXFileReference; lastKnownFileType = text.plist.xml; path = Info.plist; sourceTree = "<group>"; };
		3D346D411EE0E8260025C62A /* APIManager.swift */ = {isa = PBXFileReference; fileEncoding = 4; lastKnownFileType = sourcecode.swift; path = APIManager.swift; sourceTree = "<group>"; };
		3D346D431EE0E83E0025C62A /* PlaceCollectionViewCell.swift */ = {isa = PBXFileReference; fileEncoding = 4; lastKnownFileType = sourcecode.swift; path = PlaceCollectionViewCell.swift; sourceTree = "<group>"; };
		3D346D451EE0E86C0025C62A /* Place.swift */ = {isa = PBXFileReference; fileEncoding = 4; lastKnownFileType = sourcecode.swift; path = Place.swift; sourceTree = "<group>"; };
/* End PBXFileReference section */

/* Begin PBXFrameworksBuildPhase section */
		3D346D291EE0E3970025C62A /* Frameworks */ = {
			isa = PBXFrameworksBuildPhase;
			buildActionMask = 2147483647;
			files = (
			);
			runOnlyForDeploymentPostprocessing = 0;
		};
/* End PBXFrameworksBuildPhase section */

/* Begin PBXGroup section */
		3D346D231EE0E3970025C62A = {
			isa = PBXGroup;
			children = (
				3D346D2E1EE0E3970025C62A /* Place */,
				3D346D2D1EE0E3970025C62A /* Products */,
			);
			sourceTree = "<group>";
		};
		3D346D2D1EE0E3970025C62A /* Products */ = {
			isa = PBXGroup;
			children = (
				3D346D2C1EE0E3970025C62A /* Place.app */,
			);
			name = Products;
			sourceTree = "<group>";
		};
		3D346D2E1EE0E3970025C62A /* Place */ = {
			isa = PBXGroup;
			children = (
				3D346D2F1EE0E3970025C62A /* AppDelegate.swift */,
				3D346D311EE0E3970025C62A /* PlaceCollectionViewController.swift */,
				3D346D361EE0E3970025C62A /* Assets.xcassets */,
				3D346D381EE0E3970025C62A /* LaunchScreen.storyboard */,
				3D346D3B1EE0E3970025C62A /* Info.plist */,
				3D346D411EE0E8260025C62A /* APIManager.swift */,
				3D346D431EE0E83E0025C62A /* PlaceCollectionViewCell.swift */,
				3D346D451EE0E86C0025C62A /* Place.swift */,
				3D1C11831EE1ED410045644C /* PlaceDetailViewController.swift */,
				3D17C8751EE2794500A45294 /* Extensions.swift */,
			);
			path = Place;
			sourceTree = "<group>";
		};
/* End PBXGroup section */

/* Begin PBXNativeTarget section */
		3D346D2B1EE0E3970025C62A /* Place */ = {
			isa = PBXNativeTarget;
			buildConfigurationList = 3D346D3E1EE0E3970025C62A /* Build configuration list for PBXNativeTarget "Place" */;
			buildPhases = (
				3D346D281EE0E3970025C62A /* Sources */,
				3D346D291EE0E3970025C62A /* Frameworks */,
				3D346D2A1EE0E3970025C62A /* Resources */,
			);
			buildRules = (
			);
			dependencies = (
			);
			name = Place;
			productName = Place;
			productReference = 3D346D2C1EE0E3970025C62A /* Place.app */;
			productType = "com.apple.product-type.application";
		};
/* End PBXNativeTarget section */

/* Begin PBXProject section */
		3D346D241EE0E3970025C62A /* Project object */ = {
			isa = PBXProject;
			attributes = {
				LastSwiftUpdateCheck = 0830;
				LastUpgradeCheck = 0830;
				ORGANIZATIONNAME = Zubair;
				TargetAttributes = {
					3D346D2B1EE0E3970025C62A = {
						CreatedOnToolsVersion = 8.3.2;
						DevelopmentTeam = 3VMET837C5;
						ProvisioningStyle = Automatic;
					};
				};
			};
			buildConfigurationList = 3D346D271EE0E3970025C62A /* Build configuration list for PBXProject "Place" */;
			compatibilityVersion = "Xcode 3.2";
			developmentRegion = English;
			hasScannedForEncodings = 0;
			knownRegions = (
				en,
				Base,
			);
			mainGroup = 3D346D231EE0E3970025C62A;
			productRefGroup = 3D346D2D1EE0E3970025C62A /* Products */;
			projectDirPath = "";
			projectRoot = "";
			targets = (
				3D346D2B1EE0E3970025C62A /* Place */,
			);
		};
/* End PBXProject section */

/* Begin PBXResourcesBuildPhase section */
		3D346D2A1EE0E3970025C62A /* Resources */ = {
			isa = PBXResourcesBuildPhase;
			buildActionMask = 2147483647;
			files = (
				3D346D3A1EE0E3970025C62A /* LaunchScreen.storyboard in Resources */,
				3D346D371EE0E3970025C62A /* Assets.xcassets in Resources */,
			);
			runOnlyForDeploymentPostprocessing = 0;
		};
/* End PBXResourcesBuildPhase section */

/* Begin PBXSourcesBuildPhase section */
		3D346D281EE0E3970025C62A /* Sources */ = {
			isa = PBXSourcesBuildPhase;
			buildActionMask = 2147483647;
			files = (
				3D346D441EE0E83E0025C62A /* PlaceCollectionViewCell.swift in Sources */,
				3D346D421EE0E8260025C62A /* APIManager.swift in Sources */,
				3D346D321EE0E3970025C62A /* PlaceCollectionViewController.swift in Sources */,
				3D1C11841EE1ED410045644C /* PlaceDetailViewController.swift in Sources */,
				3D346D301EE0E3970025C62A /* AppDelegate.swift in Sources */,
				3D346D461EE0E86C0025C62A /* Place.swift in Sources */,
				3D17C8761EE2794500A45294 /* Extensions.swift in Sources */,
			);
			runOnlyForDeploymentPostprocessing = 0;
		};
/* End PBXSourcesBuildPhase section */

/* Begin PBXVariantGroup section */
		3D346D381EE0E3970025C62A /* LaunchScreen.storyboard */ = {
			isa = PBXVariantGroup;
			children = (
				3D346D391EE0E3970025C62A /* Base */,
			);
			name = LaunchScreen.storyboard;
			sourceTree = "<group>";
		};
/* End PBXVariantGroup section */

/* Begin XCBuildConfiguration section */
		3D346D3C1EE0E3970025C62A /* Debug */ = {
			isa = XCBuildConfiguration;
			buildSettings = {
				ALWAYS_SEARCH_USER_PATHS = NO;
				CLANG_ANALYZER_NONNULL = YES;
				CLANG_ANALYZER_NUMBER_OBJECT_CONVERSION = YES_AGGRESSIVE;
				CLANG_CXX_LANGUAGE_STANDARD = "gnu++0x";
				CLANG_CXX_LIBRARY = "libc++";
				CLANG_ENABLE_MODULES = YES;
				CLANG_ENABLE_OBJC_ARC = YES;
				CLANG_WARN_BOOL_CONVERSION = YES;
				CLANG_WARN_CONSTANT_CONVERSION = YES;
				CLANG_WARN_DIRECT_OBJC_ISA_USAGE = YES_ERROR;
				CLANG_WARN_DOCUMENTATION_COMMENTS = YES;
				CLANG_WARN_EMPTY_BODY = YES;
				CLANG_WARN_ENUM_CONVERSION = YES;
				CLANG_WARN_INFINITE_RECURSION = YES;
				CLANG_WARN_INT_CONVERSION = YES;
				CLANG_WARN_OBJC_ROOT_CLASS = YES_ERROR;
				CLANG_WARN_SUSPICIOUS_MOVE = YES;
				CLANG_WARN_UNREACHABLE_CODE = YES;
				CLANG_WARN__DUPLICATE_METHOD_MATCH = YES;
				"CODE_SIGN_IDENTITY[sdk=iphoneos*]" = "iPhone Developer";
				COPY_PHASE_STRIP = NO;
				DEBUG_INFORMATION_FORMAT = dwarf;
				ENABLE_STRICT_OBJC_MSGSEND = YES;
				ENABLE_TESTABILITY = YES;
				GCC_C_LANGUAGE_STANDARD = gnu99;
				GCC_DYNAMIC_NO_PIC = NO;
				GCC_NO_COMMON_BLOCKS = YES;
				GCC_OPTIMIZATION_LEVEL = 0;
				GCC_PREPROCESSOR_DEFINITIONS = (
					"DEBUG=1",
					"$(inherited)",
				);
				GCC_WARN_64_TO_32_BIT_CONVERSION = YES;
				GCC_WARN_ABOUT_RETURN_TYPE = YES_ERROR;
				GCC_WARN_UNDECLARED_SELECTOR = YES;
				GCC_WARN_UNINITIALIZED_AUTOS = YES_AGGRESSIVE;
				GCC_WARN_UNUSED_FUNCTION = YES;
				GCC_WARN_UNUSED_VARIABLE = YES;
				IPHONEOS_DEPLOYMENT_TARGET = 10.3;
				MTL_ENABLE_DEBUG_INFO = YES;
				ONLY_ACTIVE_ARCH = YES;
				SDKROOT = iphoneos;
				SWIFT_ACTIVE_COMPILATION_CONDITIONS = DEBUG;
				SWIFT_OPTIMIZATION_LEVEL = "-Onone";
				TARGETED_DEVICE_FAMILY = "1,2";
			};
			name = Debug;
		};
		3D346D3D1EE0E3970025C62A /* Release */ = {
			isa = XCBuildConfiguration;
			buildSettings = {
				ALWAYS_SEARCH_USER_PATHS = NO;
				CLANG_ANALYZER_NONNULL = YES;
				CLANG_ANALYZER_NUMBER_OBJECT_CONVERSION = YES_AGGRESSIVE;
				CLANG_CXX_LANGUAGE_STANDARD = "gnu++0x";
				CLANG_CXX_LIBRARY = "libc++";
				CLANG_ENABLE_MODULES = YES;
				CLANG_ENABLE_OBJC_ARC = YES;
				CLANG_WARN_BOOL_CONVERSION = YES;
				CLANG_WARN_CONSTANT_CONVERSION = YES;
				CLANG_WARN_DIRECT_OBJC_ISA_USAGE = YES_ERROR;
				CLANG_WARN_DOCUMENTATION_COMMENTS = YES;
				CLANG_WARN_EMPTY_BODY = YES;
				CLANG_WARN_ENUM_CONVERSION = YES;
				CLANG_WARN_INFINITE_RECURSION = YES;
				CLANG_WARN_INT_CONVERSION = YES;
				CLANG_WARN_OBJC_ROOT_CLASS = YES_ERROR;
				CLANG_WARN_SUSPICIOUS_MOVE = YES;
				CLANG_WARN_UNREACHABLE_CODE = YES;
				CLANG_WARN__DUPLICATE_METHOD_MATCH = YES;
				"CODE_SIGN_IDENTITY[sdk=iphoneos*]" = "iPhone Developer";
				COPY_PHASE_STRIP = NO;
				DEBUG_INFORMATION_FORMAT = "dwarf-with-dsym";
				ENABLE_NS_ASSERTIONS = NO;
				ENABLE_STRICT_OBJC_MSGSEND = YES;
				GCC_C_LANGUAGE_STANDARD = gnu99;
				GCC_NO_COMMON_BLOCKS = YES;
				GCC_WARN_64_TO_32_BIT_CONVERSION = YES;
				GCC_WARN_ABOUT_RETURN_TYPE = YES_ERROR;
				GCC_WARN_UNDECLARED_SELECTOR = YES;
				GCC_WARN_UNINITIALIZED_AUTOS = YES_AGGRESSIVE;
				GCC_WARN_UNUSED_FUNCTION = YES;
				GCC_WARN_UNUSED_VARIABLE = YES;
				IPHONEOS_DEPLOYMENT_TARGET = 10.3;
				MTL_ENABLE_DEBUG_INFO = NO;
				SDKROOT = iphoneos;
				SWIFT_OPTIMIZATION_LEVEL = "-Owholemodule";
				TARGETED_DEVICE_FAMILY = "1,2";
				VALIDATE_PRODUCT = YES;
			};
			name = Release;
		};
		3D346D3F1EE0E3970025C62A /* Debug */ = {
			isa = XCBuildConfiguration;
			buildSettings = {
				ASSETCATALOG_COMPILER_APPICON_NAME = AppIcon;
				DEVELOPMENT_TEAM = 3VMET837C5;
				INFOPLIST_FILE = Place/Info.plist;
				LD_RUNPATH_SEARCH_PATHS = "$(inherited) @executable_path/Frameworks";
				PRODUCT_BUNDLE_IDENTIFIER = com.fetchyfox.Place;
				PRODUCT_NAME = "$(TARGET_NAME)";
				SWIFT_VERSION = 3.0;
			};
			name = Debug;
		};
		3D346D401EE0E3970025C62A /* Release */ = {
			isa = XCBuildConfiguration;
			buildSettings = {
				ASSETCATALOG_COMPILER_APPICON_NAME = AppIcon;
				DEVELOPMENT_TEAM = 3VMET837C5;
				INFOPLIST_FILE = Place/Info.plist;
				LD_RUNPATH_SEARCH_PATHS = "$(inherited) @executable_path/Frameworks";
				PRODUCT_BUNDLE_IDENTIFIER = com.fetchyfox.Place;
				PRODUCT_NAME = "$(TARGET_NAME)";
				SWIFT_VERSION = 3.0;
			};
			name = Release;
		};
/* End XCBuildConfiguration section */

/* Begin XCConfigurationList section */
		3D346D271EE0E3970025C62A /* Build configuration list for PBXProject "Place" */ = {
			isa = XCConfigurationList;
			buildConfigurations = (
				3D346D3C1EE0E3970025C62A /* Debug */,
				3D346D3D1EE0E3970025C62A /* Release */,
			);
			defaultConfigurationIsVisible = 0;
			defaultConfigurationName = Release;
		};
		3D346D3E1EE0E3970025C62A /* Build configuration list for PBXNativeTarget "Place" */ = {
			isa = XCConfigurationList;
			buildConfigurations = (
				3D346D3F1EE0E3970025C62A /* Debug */,
				3D346D401EE0E3970025C62A /* Release */,
			);
			defaultConfigurationIsVisible = 0;
			defaultConfigurationName = Release;
		};
/* End XCConfigurationList section */
	};
	rootObject = 3D346D241EE0E3970025C62A /* Project object */;
}
